
Microsoft Visual Studio Solution File, Format Version 12.00
# Visual Studio Version 16
VisualStudioVersion = 16.0.28803.916
MinimumVisualStudioVersion = 10.0.40219.1
Project("{FAE04EC0-301F-11D3-BF4B-00C04F79EFBC}") = "CsharpandUnity203", "CsharpandUnity203\CsharpandUnity203.csproj", "{ACD85BB3-3471-415D-A095-74AB1148D044}"
EndProject
Global
	GlobalSection(SolutionConfigurationPlatforms) = preSolution
		Debug|Any CPU = Debug|Any CPU
		Release|Any CPU = Release|Any CPU
	EndGlobalSection
	GlobalSection(ProjectConfigurationPlatforms) = postSolution
		{ACD85BB3-3471-415D-A095-74AB1148D044}.Debug|Any CPU.ActiveCfg = Debug|Any CPU
		{ACD85BB3-3471-415D-A095-74AB1148D044}.Debug|Any CPU.Build.0 = Debug|Any CPU
		{ACD85BB3-3471-415D-A095-74AB1148D044}.Release|Any CPU.ActiveCfg = Release|Any CPU
		{ACD85BB3-3471-415D-A095-74AB1148D044}.Release|Any CPU.Build.0 = Release|Any CPU
	EndGlobalSection
	GlobalSection(SolutionProperties) = preSolution
		HideSolutionNode = FALSE
	EndGlobalSection
	GlobalSection(ExtensibilityGlobals) = postSolution
		SolutionGuid = {D1335527-7021-4AA7-BCAF-2200548AAC5C}
	EndGlobalSection
EndGlobal
