
Microsoft Visual Studio Solution File, Format Version 12.00
# Visual Studio Version 16
VisualStudioVersion = 25.0.1700.5
MinimumVisualStudioVersion = 10.0.40219.1
Project("{FAE04EC0-301F-11D3-BF4B-00C04F79EFBC}") = "CSharpAndUnityAss163", "CSharpAndUnityAss163\CSharpAndUnityAss163.csproj", "{D0D15347-B127-4A5A-A9E6-38E0D9637C1F}"
EndProject
Global
	GlobalSection(SolutionConfigurationPlatforms) = preSolution
		Debug|Any CPU = Debug|Any CPU
		Release|Any CPU = Release|Any CPU
	EndGlobalSection
	GlobalSection(ProjectConfigurationPlatforms) = postSolution
		{D0D15347-B127-4A5A-A9E6-38E0D9637C1F}.Debug|Any CPU.ActiveCfg = Debug|Any CPU
		{D0D15347-B127-4A5A-A9E6-38E0D9637C1F}.Debug|Any CPU.Build.0 = Debug|Any CPU
		{D0D15347-B127-4A5A-A9E6-38E0D9637C1F}.Release|Any CPU.ActiveCfg = Release|Any CPU
		{D0D15347-B127-4A5A-A9E6-38E0D9637C1F}.Release|Any CPU.Build.0 = Release|Any CPU
	EndGlobalSection
	GlobalSection(SolutionProperties) = preSolution
		HideSolutionNode = FALSE
	EndGlobalSection
	GlobalSection(ExtensibilityGlobals) = postSolution
		SolutionGuid = {F7E9E8DA-AF5E-42BE-A4DA-5CF92B4F403D}
	EndGlobalSection
EndGlobal
